
Microsoft Visual Studio Solution File, Format Version 12.00
# Visual Studio 15
VisualStudioVersion = 15.0.28010.2036
MinimumVisualStudioVersion = 10.0.40219.1
Project("{FAE04EC0-301F-11D3-BF4B-00C04F79EFBC}") = "Crud.Android", "Crud\Crud.Android\Crud.Android.csproj", "{40F3530E-5205-4692-850A-1540570D6177}"
EndProject
Project("{FAE04EC0-301F-11D3-BF4B-00C04F79EFBC}") = "Crud.iOS", "Crud\Crud.iOS\Crud.iOS.csproj", "{3F944A0D-2835-418F-8C93-82E6CA2C63E2}"
EndProject
Project("{FAE04EC0-301F-11D3-BF4B-00C04F79EFBC}") = "Crud.UWP", "Crud\Crud.UWP\Crud.UWP.csproj", "{773922CC-DCFB-48D6-8EC2-BBDBF505AEF3}"
EndProject
Project("{FAE04EC0-301F-11D3-BF4B-00C04F79EFBC}") = "Crud", "Crud\Crud\Crud.csproj", "{38A049BA-D31B-431F-A527-D420F1A3F11D}"
EndProject
Global
	GlobalSection(SolutionConfigurationPlatforms) = preSolution
		Ad-Hoc|Any CPU = Ad-Hoc|Any CPU
		Ad-Hoc|ARM = Ad-Hoc|ARM
		Ad-Hoc|iPhone = Ad-Hoc|iPhone
		Ad-Hoc|iPhoneSimulator = Ad-Hoc|iPhoneSimulator
		Ad-Hoc|x64 = Ad-Hoc|x64
		Ad-Hoc|x86 = Ad-Hoc|x86
		AppStore|Any CPU = AppStore|Any CPU
		AppStore|ARM = AppStore|ARM
		AppStore|iPhone = AppStore|iPhone
		AppStore|iPhoneSimulator = AppStore|iPhoneSimulator
		AppStore|x64 = AppStore|x64
		AppStore|x86 = AppStore|x86
		Debug|Any CPU = Debug|Any CPU
		Debug|ARM = Debug|ARM
		Debug|iPhone = Debug|iPhone
		Debug|iPhoneSimulator = Debug|iPhoneSimulator
		Debug|x64 = Debug|x64
		Debug|x86 = Debug|x86
		Release|Any CPU = Release|Any CPU
		Release|ARM = Release|ARM
		Release|iPhone = Release|iPhone
		Release|iPhoneSimulator = Release|iPhoneSimulator
		Release|x64 = Release|x64
		Release|x86 = Release|x86
	EndGlobalSection
	GlobalSection(ProjectConfigurationPlatforms) = postSolution
		{40F3530E-5205-4692-850A-1540570D6177}.Ad-Hoc|Any CPU.ActiveCfg = Release|Any CPU
		{40F3530E-5205-4692-850A-1540570D6177}.Ad-Hoc|Any CPU.Build.0 = Release|Any CPU
		{40F3530E-5205-4692-850A-1540570D6177}.Ad-Hoc|Any CPU.Deploy.0 = Release|Any CPU
		{40F3530E-5205-4692-850A-1540570D6177}.Ad-Hoc|ARM.ActiveCfg = Release|Any CPU
		{40F3530E-5205-4692-850A-1540570D6177}.Ad-Hoc|ARM.Build.0 = Release|Any CPU
		{40F3530E-5205-4692-850A-1540570D6177}.Ad-Hoc|ARM.Deploy.0 = Release|Any CPU
		{40F3530E-5205-4692-850A-1540570D6177}.Ad-Hoc|iPhone.ActiveCfg = Release|Any CPU
		{40F3530E-5205-4692-850A-1540570D6177}.Ad-Hoc|iPhone.Build.0 = Release|Any CPU
		{40F3530E-5205-4692-850A-1540570D6177}.Ad-Hoc|iPhone.Deploy.0 = Release|Any CPU
		{40F3530E-5205-4692-850A-1540570D6177}.Ad-Hoc|iPhoneSimulator.ActiveCfg = Release|Any CPU
		{40F3530E-5205-4692-850A-1540570D6177}.Ad-Hoc|iPhoneSimulator.Build.0 = Release|Any CPU
		{40F3530E-5205-4692-850A-1540570D6177}.Ad-Hoc|iPhoneSimulator.Deploy.0 = Release|Any CPU
		{40F3530E-5205-4692-850A-1540570D6177}.Ad-Hoc|x64.ActiveCfg = Release|Any CPU
		{40F3530E-5205-4692-850A-1540570D6177}.Ad-Hoc|x64.Build.0 = Release|Any CPU
		{40F3530E-5205-4692-850A-1540570D6177}.Ad-Hoc|x64.Deploy.0 = Release|Any CPU
		{40F3530E-5205-4692-850A-1540570D6177}.Ad-Hoc|x86.ActiveCfg = Release|Any CPU
		{40F3530E-5205-4692-850A-1540570D6177}.Ad-Hoc|x86.Build.0 = Release|Any CPU
		{40F3530E-5205-4692-850A-1540570D6177}.Ad-Hoc|x86.Deploy.0 = Release|Any CPU
		{40F3530E-5205-4692-850A-1540570D6177}.AppStore|Any CPU.ActiveCfg = Release|Any CPU
		{40F3530E-5205-4692-850A-1540570D6177}.AppStore|Any CPU.Build.0 = Release|Any CPU
		{40F3530E-5205-4692-850A-1540570D6177}.AppStore|Any CPU.Deploy.0 = Release|Any CPU
		{40F3530E-5205-4692-850A-1540570D6177}.AppStore|ARM.ActiveCfg = Release|Any CPU
		{40F3530E-5205-4692-850A-1540570D6177}.AppStore|ARM.Build.0 = Release|Any CPU
		{40F3530E-5205-4692-850A-1540570D6177}.AppStore|ARM.Deploy.0 = Release|Any CPU
		{40F3530E-5205-4692-850A-1540570D6177}.AppStore|iPhone.ActiveCfg = Release|Any CPU
		{40F3530E-5205-4692-850A-1540570D6177}.AppStore|iPhone.Build.0 = Release|Any CPU
		{40F3530E-5205-4692-850A-1540570D6177}.AppStore|iPhone.Deploy.0 = Release|Any CPU
		{40F3530E-5205-4692-850A-1540570D6177}.AppStore|iPhoneSimulator.ActiveCfg = Release|Any CPU
		{40F3530E-5205-4692-850A-1540570D6177}.AppStore|iPhoneSimulator.Build.0 = Release|Any CPU
		{40F3530E-5205-4692-850A-1540570D6177}.AppStore|iPhoneSimulator.Deploy.0 = Release|Any CPU
		{40F3530E-5205-4692-850A-1540570D6177}.AppStore|x64.ActiveCfg = Release|Any CPU
		{40F3530E-5205-4692-850A-1540570D6177}.AppStore|x64.Build.0 = Release|Any CPU
		{40F3530E-5205-4692-850A-1540570D6177}.AppStore|x64.Deploy.0 = Release|Any CPU
		{40F3530E-5205-4692-850A-1540570D6177}.AppStore|x86.ActiveCfg = Release|Any CPU
		{40F3530E-5205-4692-850A-1540570D6177}.AppStore|x86.Build.0 = Release|Any CPU
		{40F3530E-5205-4692-850A-1540570D6177}.AppStore|x86.Deploy.0 = Release|Any CPU
		{40F3530E-5205-4692-850A-1540570D6177}.Debug|Any CPU.ActiveCfg = Debug|Any CPU
		{40F3530E-5205-4692-850A-1540570D6177}.Debug|Any CPU.Build.0 = Debug|Any CPU
		{40F3530E-5205-4692-850A-1540570D6177}.Debug|Any CPU.Deploy.0 = Debug|Any CPU
		{40F3530E-5205-4692-850A-1540570D6177}.Debug|ARM.ActiveCfg = Debug|Any CPU
		{40F3530E-5205-4692-850A-1540570D6177}.Debug|ARM.Build.0 = Debug|Any CPU
		{40F3530E-5205-4692-850A-1540570D6177}.Debug|ARM.Deploy.0 = Debug|Any CPU
		{40F3530E-5205-4692-850A-1540570D6177}.Debug|iPhone.ActiveCfg = Debug|Any CPU
		{40F3530E-5205-4692-850A-1540570D6177}.Debug|iPhone.Build.0 = Debug|Any CPU
		{40F3530E-5205-4692-850A-1540570D6177}.Debug|iPhone.Deploy.0 = Debug|Any CPU
		{40F3530E-5205-4692-850A-1540570D6177}.Debug|iPhoneSimulator.ActiveCfg = Debug|Any CPU
		{40F3530E-5205-4692-850A-1540570D6177}.Debug|iPhoneSimulator.Build.0 = Debug|Any CPU
		{40F3530E-5205-4692-850A-1540570D6177}.Debug|iPhoneSimulator.Deploy.0 = Debug|Any CPU
		{40F3530E-5205-4692-850A-1540570D6177}.Debug|x64.ActiveCfg = Debug|Any CPU
		{40F3530E-5205-4692-850A-1540570D6177}.Debug|x64.Build.0 = Debug|Any CPU
		{40F3530E-5205-4692-850A-1540570D6177}.Debug|x64.Deploy.0 = Debug|Any CPU
		{40F3530E-5205-4692-850A-1540570D6177}.Debug|x86.ActiveCfg = Debug|Any CPU
		{40F3530E-5205-4692-850A-1540570D6177}.Debug|x86.Build.0 = Debug|Any CPU
		{40F3530E-5205-4692-850A-1540570D6177}.Debug|x86.Deploy.0 = Debug|Any CPU
		{40F3530E-5205-4692-850A-1540570D6177}.Release|Any CPU.ActiveCfg = Release|Any CPU
		{40F3530E-5205-4692-850A-1540570D6177}.Release|Any CPU.Build.0 = Release|Any CPU
		{40F3530E-5205-4692-850A-1540570D6177}.Release|Any CPU.Deploy.0 = Release|Any CPU
		{40F3530E-5205-4692-850A-1540570D6177}.Release|ARM.ActiveCfg = Release|Any CPU
		{40F3530E-5205-4692-850A-1540570D6177}.Release|ARM.Build.0 = Release|Any CPU
		{40F3530E-5205-4692-850A-1540570D6177}.Release|ARM.Deploy.0 = Release|Any CPU
		{40F3530E-5205-4692-850A-1540570D6177}.Release|iPhone.ActiveCfg = Release|Any CPU
		{40F3530E-5205-4692-850A-1540570D6177}.Release|iPhone.Build.0 = Release|Any CPU
		{40F3530E-5205-4692-850A-1540570D6177}.Release|iPhone.Deploy.0 = Release|Any CPU
		{40F3530E-5205-4692-850A-1540570D6177}.Release|iPhoneSimulator.ActiveCfg = Release|Any CPU
		{40F3530E-5205-4692-850A-1540570D6177}.Release|iPhoneSimulator.Build.0 = Release|Any CPU
		{40F3530E-5205-4692-850A-1540570D6177}.Release|iPhoneSimulator.Deploy.0 = Release|Any CPU
		{40F3530E-5205-4692-850A-1540570D6177}.Release|x64.ActiveCfg = Release|Any CPU
		{40F3530E-5205-4692-850A-1540570D6177}.Release|x64.Build.0 = Release|Any CPU
		{40F3530E-5205-4692-850A-1540570D6177}.Release|x64.Deploy.0 = Release|Any CPU
		{40F3530E-5205-4692-850A-1540570D6177}.Release|x86.ActiveCfg = Release|Any CPU
		{40F3530E-5205-4692-850A-1540570D6177}.Release|x86.Build.0 = Release|Any CPU
		{40F3530E-5205-4692-850A-1540570D6177}.Release|x86.Deploy.0 = Release|Any CPU
		{3F944A0D-2835-418F-8C93-82E6CA2C63E2}.Ad-Hoc|Any CPU.ActiveCfg = Ad-Hoc|iPhone
		{3F944A0D-2835-418F-8C93-82E6CA2C63E2}.Ad-Hoc|Any CPU.Build.0 = Ad-Hoc|iPhone
		{3F944A0D-2835-418F-8C93-82E6CA2C63E2}.Ad-Hoc|Any CPU.Deploy.0 = Ad-Hoc|iPhone
		{3F944A0D-2835-418F-8C93-82E6CA2C63E2}.Ad-Hoc|ARM.ActiveCfg = Ad-Hoc|iPhone
		{3F944A0D-2835-418F-8C93-82E6CA2C63E2}.Ad-Hoc|ARM.Build.0 = Ad-Hoc|iPhone
		{3F944A0D-2835-418F-8C93-82E6CA2C63E2}.Ad-Hoc|ARM.Deploy.0 = Ad-Hoc|iPhone
		{3F944A0D-2835-418F-8C93-82E6CA2C63E2}.Ad-Hoc|iPhone.ActiveCfg = Ad-Hoc|iPhone
		{3F944A0D-2835-418F-8C93-82E6CA2C63E2}.Ad-Hoc|iPhone.Build.0 = Ad-Hoc|iPhone
		{3F944A0D-2835-418F-8C93-82E6CA2C63E2}.Ad-Hoc|iPhone.Deploy.0 = Ad-Hoc|iPhone
		{3F944A0D-2835-418F-8C93-82E6CA2C63E2}.Ad-Hoc|iPhoneSimulator.ActiveCfg = Ad-Hoc|iPhoneSimulator
		{3F944A0D-2835-418F-8C93-82E6CA2C63E2}.Ad-Hoc|iPhoneSimulator.Build.0 = Ad-Hoc|iPhoneSimulator
		{3F944A0D-2835-418F-8C93-82E6CA2C63E2}.Ad-Hoc|iPhoneSimulator.Deploy.0 = Ad-Hoc|iPhoneSimulator
		{3F944A0D-2835-418F-8C93-82E6CA2C63E2}.Ad-Hoc|x64.ActiveCfg = Ad-Hoc|iPhone
		{3F944A0D-2835-418F-8C93-82E6CA2C63E2}.Ad-Hoc|x64.Build.0 = Ad-Hoc|iPhone
		{3F944A0D-2835-418F-8C93-82E6CA2C63E2}.Ad-Hoc|x64.Deploy.0 = Ad-Hoc|iPhone
		{3F944A0D-2835-418F-8C93-82E6CA2C63E2}.Ad-Hoc|x86.ActiveCfg = Ad-Hoc|iPhone
		{3F944A0D-2835-418F-8C93-82E6CA2C63E2}.Ad-Hoc|x86.Build.0 = Ad-Hoc|iPhone
		{3F944A0D-2835-418F-8C93-82E6CA2C63E2}.Ad-Hoc|x86.Deploy.0 = Ad-Hoc|iPhone
		{3F944A0D-2835-418F-8C93-82E6CA2C63E2}.AppStore|Any CPU.ActiveCfg = AppStore|iPhone
		{3F944A0D-2835-418F-8C93-82E6CA2C63E2}.AppStore|Any CPU.Build.0 = AppStore|iPhone
		{3F944A0D-2835-418F-8C93-82E6CA2C63E2}.AppStore|Any CPU.Deploy.0 = AppStore|iPhone
		{3F944A0D-2835-418F-8C93-82E6CA2C63E2}.AppStore|ARM.ActiveCfg = AppStore|iPhone
		{3F944A0D-2835-418F-8C93-82E6CA2C63E2}.AppStore|ARM.Build.0 = AppStore|iPhone
		{3F944A0D-2835-418F-8C93-82E6CA2C63E2}.AppStore|ARM.Deploy.0 = AppStore|iPhone
		{3F944A0D-2835-418F-8C93-82E6CA2C63E2}.AppStore|iPhone.ActiveCfg = AppStore|iPhone
		{3F944A0D-2835-418F-8C93-82E6CA2C63E2}.AppStore|iPhone.Build.0 = AppStore|iPhone
		{3F944A0D-2835-418F-8C93-82E6CA2C63E2}.AppStore|iPhone.Deploy.0 = AppStore|iPhone
		{3F944A0D-2835-418F-8C93-82E6CA2C63E2}.AppStore|iPhoneSimulator.ActiveCfg = AppStore|iPhoneSimulator
		{3F944A0D-2835-418F-8C93-82E6CA2C63E2}.AppStore|iPhoneSimulator.Build.0 = AppStore|iPhoneSimulator
		{3F944A0D-2835-418F-8C93-82E6CA2C63E2}.AppStore|iPhoneSimulator.Deploy.0 = AppStore|iPhoneSimulator
		{3F944A0D-2835-418F-8C93-82E6CA2C63E2}.AppStore|x64.ActiveCfg = AppStore|iPhone
		{3F944A0D-2835-418F-8C93-82E6CA2C63E2}.AppStore|x64.Build.0 = AppStore|iPhone
		{3F944A0D-2835-418F-8C93-82E6CA2C63E2}.AppStore|x64.Deploy.0 = AppStore|iPhone
		{3F944A0D-2835-418F-8C93-82E6CA2C63E2}.AppStore|x86.ActiveCfg = AppStore|iPhone
		{3F944A0D-2835-418F-8C93-82E6CA2C63E2}.AppStore|x86.Build.0 = AppStore|iPhone
		{3F944A0D-2835-418F-8C93-82E6CA2C63E2}.AppStore|x86.Deploy.0 = AppStore|iPhone
		{3F944A0D-2835-418F-8C93-82E6CA2C63E2}.Debug|Any CPU.ActiveCfg = Debug|iPhoneSimulator
		{3F944A0D-2835-418F-8C93-82E6CA2C63E2}.Debug|Any CPU.Build.0 = Debug|iPhoneSimulator
		{3F944A0D-2835-418F-8C93-82E6CA2C63E2}.Debug|Any CPU.Deploy.0 = Debug|iPhoneSimulator
		{3F944A0D-2835-418F-8C93-82E6CA2C63E2}.Debug|ARM.ActiveCfg = Debug|iPhone
		{3F944A0D-2835-418F-8C93-82E6CA2C63E2}.Debug|ARM.Build.0 = Debug|iPhone
		{3F944A0D-2835-418F-8C93-82E6CA2C63E2}.Debug|ARM.Deploy.0 = Debug|iPhone
		{3F944A0D-2835-418F-8C93-82E6CA2C63E2}.Debug|iPhone.ActiveCfg = Debug|iPhone
		{3F944A0D-2835-418F-8C93-82E6CA2C63E2}.Debug|iPhone.Build.0 = Debug|iPhone
		{3F944A0D-2835-418F-8C93-82E6CA2C63E2}.Debug|iPhone.Deploy.0 = Debug|iPhone
		{3F944A0D-2835-418F-8C93-82E6CA2C63E2}.Debug|iPhoneSimulator.ActiveCfg = Debug|iPhoneSimulator
		{3F944A0D-2835-418F-8C93-82E6CA2C63E2}.Debug|iPhoneSimulator.Build.0 = Debug|iPhoneSimulator
		{3F944A0D-2835-418F-8C93-82E6CA2C63E2}.Debug|iPhoneSimulator.Deploy.0 = Debug|iPhoneSimulator
		{3F944A0D-2835-418F-8C93-82E6CA2C63E2}.Debug|x64.ActiveCfg = Debug|iPhone
		{3F944A0D-2835-418F-8C93-82E6CA2C63E2}.Debug|x64.Build.0 = Debug|iPhone
		{3F944A0D-2835-418F-8C93-82E6CA2C63E2}.Debug|x64.Deploy.0 = Debug|iPhone
		{3F944A0D-2835-418F-8C93-82E6CA2C63E2}.Debug|x86.ActiveCfg = Debug|iPhone
		{3F944A0D-2835-418F-8C93-82E6CA2C63E2}.Debug|x86.Build.0 = Debug|iPhone
		{3F944A0D-2835-418F-8C93-82E6CA2C63E2}.Debug|x86.Deploy.0 = Debug|iPhone
		{3F944A0D-2835-418F-8C93-82E6CA2C63E2}.Release|Any CPU.ActiveCfg = Release|iPhone
		{3F944A0D-2835-418F-8C93-82E6CA2C63E2}.Release|Any CPU.Build.0 = Release|iPhone
		{3F944A0D-2835-418F-8C93-82E6CA2C63E2}.Release|Any CPU.Deploy.0 = Release|iPhone
		{3F944A0D-2835-418F-8C93-82E6CA2C63E2}.Release|ARM.ActiveCfg = Release|iPhone
		{3F944A0D-2835-418F-8C93-82E6CA2C63E2}.Release|ARM.Build.0 = Release|iPhone
		{3F944A0D-2835-418F-8C93-82E6CA2C63E2}.Release|ARM.Deploy.0 = Release|iPhone
		{3F944A0D-2835-418F-8C93-82E6CA2C63E2}.Release|iPhone.ActiveCfg = Release|iPhone
		{3F944A0D-2835-418F-8C93-82E6CA2C63E2}.Release|iPhone.Build.0 = Release|iPhone
		{3F944A0D-2835-418F-8C93-82E6CA2C63E2}.Release|iPhone.Deploy.0 = Release|iPhone
		{3F944A0D-2835-418F-8C93-82E6CA2C63E2}.Release|iPhoneSimulator.ActiveCfg = Release|iPhoneSimulator
		{3F944A0D-2835-418F-8C93-82E6CA2C63E2}.Release|iPhoneSimulator.Build.0 = Release|iPhoneSimulator
		{3F944A0D-2835-418F-8C93-82E6CA2C63E2}.Release|iPhoneSimulator.Deploy.0 = Release|iPhoneSimulator
		{3F944A0D-2835-418F-8C93-82E6CA2C63E2}.Release|x64.ActiveCfg = Release|iPhone
		{3F944A0D-2835-418F-8C93-82E6CA2C63E2}.Release|x64.Build.0 = Release|iPhone
		{3F944A0D-2835-418F-8C93-82E6CA2C63E2}.Release|x64.Deploy.0 = Release|iPhone
		{3F944A0D-2835-418F-8C93-82E6CA2C63E2}.Release|x86.ActiveCfg = Release|iPhone
		{3F944A0D-2835-418F-8C93-82E6CA2C63E2}.Release|x86.Build.0 = Release|iPhone
		{3F944A0D-2835-418F-8C93-82E6CA2C63E2}.Release|x86.Deploy.0 = Release|iPhone
		{773922CC-DCFB-48D6-8EC2-BBDBF505AEF3}.Ad-Hoc|Any CPU.ActiveCfg = Release|x86
		{773922CC-DCFB-48D6-8EC2-BBDBF505AEF3}.Ad-Hoc|Any CPU.Build.0 = Release|x86
		{773922CC-DCFB-48D6-8EC2-BBDBF505AEF3}.Ad-Hoc|Any CPU.Deploy.0 = Release|x86
		{773922CC-DCFB-48D6-8EC2-BBDBF505AEF3}.Ad-Hoc|ARM.ActiveCfg = Release|ARM
		{773922CC-DCFB-48D6-8EC2-BBDBF505AEF3}.Ad-Hoc|ARM.Build.0 = Release|ARM
		{773922CC-DCFB-48D6-8EC2-BBDBF505AEF3}.Ad-Hoc|ARM.Deploy.0 = Release|ARM
		{773922CC-DCFB-48D6-8EC2-BBDBF505AEF3}.Ad-Hoc|iPhone.ActiveCfg = Release|x86
		{773922CC-DCFB-48D6-8EC2-BBDBF505AEF3}.Ad-Hoc|iPhone.Build.0 = Release|x86
		{773922CC-DCFB-48D6-8EC2-BBDBF505AEF3}.Ad-Hoc|iPhone.Deploy.0 = Release|x86
		{773922CC-DCFB-48D6-8EC2-BBDBF505AEF3}.Ad-Hoc|iPhoneSimulator.ActiveCfg = Release|x86
		{773922CC-DCFB-48D6-8EC2-BBDBF505AEF3}.Ad-Hoc|iPhoneSimulator.Build.0 = Release|x86
		{773922CC-DCFB-48D6-8EC2-BBDBF505AEF3}.Ad-Hoc|iPhoneSimulator.Deploy.0 = Release|x86
		{773922CC-DCFB-48D6-8EC2-BBDBF505AEF3}.Ad-Hoc|x64.ActiveCfg = Release|x64
		{773922CC-DCFB-48D6-8EC2-BBDBF505AEF3}.Ad-Hoc|x64.Build.0 = Release|x64
		{773922CC-DCFB-48D6-8EC2-BBDBF505AEF3}.Ad-Hoc|x64.Deploy.0 = Release|x64
		{773922CC-DCFB-48D6-8EC2-BBDBF505AEF3}.Ad-Hoc|x86.ActiveCfg = Release|x86
		{773922CC-DCFB-48D6-8EC2-BBDBF505AEF3}.Ad-Hoc|x86.Build.0 = Release|x86
		{773922CC-DCFB-48D6-8EC2-BBDBF505AEF3}.Ad-Hoc|x86.Deploy.0 = Release|x86
		{773922CC-DCFB-48D6-8EC2-BBDBF505AEF3}.AppStore|Any CPU.ActiveCfg = Release|x86
		{773922CC-DCFB-48D6-8EC2-BBDBF505AEF3}.AppStore|Any CPU.Build.0 = Release|x86
		{773922CC-DCFB-48D6-8EC2-BBDBF505AEF3}.AppStore|Any CPU.Deploy.0 = Release|x86
		{773922CC-DCFB-48D6-8EC2-BBDBF505AEF3}.AppStore|ARM.ActiveCfg = Release|ARM
		{773922CC-DCFB-48D6-8EC2-BBDBF505AEF3}.AppStore|ARM.Build.0 = Release|ARM
		{773922CC-DCFB-48D6-8EC2-BBDBF505AEF3}.AppStore|ARM.Deploy.0 = Release|ARM
		{773922CC-DCFB-48D6-8EC2-BBDBF505AEF3}.AppStore|iPhone.ActiveCfg = Release|x86
		{773922CC-DCFB-48D6-8EC2-BBDBF505AEF3}.AppStore|iPhone.Build.0 = Release|x86
		{773922CC-DCFB-48D6-8EC2-BBDBF505AEF3}.AppStore|iPhone.Deploy.0 = Release|x86
		{773922CC-DCFB-48D6-8EC2-BBDBF505AEF3}.AppStore|iPhoneSimulator.ActiveCfg = Release|x86
		{773922CC-DCFB-48D6-8EC2-BBDBF505AEF3}.AppStore|iPhoneSimulator.Build.0 = Release|x86
		{773922CC-DCFB-48D6-8EC2-BBDBF505AEF3}.AppStore|iPhoneSimulator.Deploy.0 = Release|x86
		{773922CC-DCFB-48D6-8EC2-BBDBF505AEF3}.AppStore|x64.ActiveCfg = Release|x64
		{773922CC-DCFB-48D6-8EC2-BBDBF505AEF3}.AppStore|x64.Build.0 = Release|x64
		{773922CC-DCFB-48D6-8EC2-BBDBF505AEF3}.AppStore|x64.Deploy.0 = Release|x64
		{773922CC-DCFB-48D6-8EC2-BBDBF505AEF3}.AppStore|x86.ActiveCfg = Release|x86
		{773922CC-DCFB-48D6-8EC2-BBDBF505AEF3}.AppStore|x86.Build.0 = Release|x86
		{773922CC-DCFB-48D6-8EC2-BBDBF505AEF3}.AppStore|x86.Deploy.0 = Release|x86
		{773922CC-DCFB-48D6-8EC2-BBDBF505AEF3}.Debug|Any CPU.ActiveCfg = Debug|x86
		{773922CC-DCFB-48D6-8EC2-BBDBF505AEF3}.Debug|Any CPU.Build.0 = Debug|x86
		{773922CC-DCFB-48D6-8EC2-BBDBF505AEF3}.Debug|Any CPU.Deploy.0 = Debug|x86
		{773922CC-DCFB-48D6-8EC2-BBDBF505AEF3}.Debug|ARM.ActiveCfg = Debug|ARM
		{773922CC-DCFB-48D6-8EC2-BBDBF505AEF3}.Debug|ARM.Build.0 = Debug|ARM
		{773922CC-DCFB-48D6-8EC2-BBDBF505AEF3}.Debug|ARM.Deploy.0 = Debug|ARM
		{773922CC-DCFB-48D6-8EC2-BBDBF505AEF3}.Debug|iPhone.ActiveCfg = Debug|x86
		{773922CC-DCFB-48D6-8EC2-BBDBF505AEF3}.Debug|iPhone.Build.0 = Debug|x86
		{773922CC-DCFB-48D6-8EC2-BBDBF505AEF3}.Debug|iPhone.Deploy.0 = Debug|x86
		{773922CC-DCFB-48D6-8EC2-BBDBF505AEF3}.Debug|iPhoneSimulator.ActiveCfg = Debug|x86
		{773922CC-DCFB-48D6-8EC2-BBDBF505AEF3}.Debug|iPhoneSimulator.Build.0 = Debug|x86
		{773922CC-DCFB-48D6-8EC2-BBDBF505AEF3}.Debug|iPhoneSimulator.Deploy.0 = Debug|x86
		{773922CC-DCFB-48D6-8EC2-BBDBF505AEF3}.Debug|x64.ActiveCfg = Debug|x64
		{773922CC-DCFB-48D6-8EC2-BBDBF505AEF3}.Debug|x64.Build.0 = Debug|x64
		{773922CC-DCFB-48D6-8EC2-BBDBF505AEF3}.Debug|x64.Deploy.0 = Debug|x64
		{773922CC-DCFB-48D6-8EC2-BBDBF505AEF3}.Debug|x86.ActiveCfg = Debug|x86
		{773922CC-DCFB-48D6-8EC2-BBDBF505AEF3}.Debug|x86.Build.0 = Debug|x86
		{773922CC-DCFB-48D6-8EC2-BBDBF505AEF3}.Debug|x86.Deploy.0 = Debug|x86
		{773922CC-DCFB-48D6-8EC2-BBDBF505AEF3}.Release|Any CPU.ActiveCfg = Release|x86
		{773922CC-DCFB-48D6-8EC2-BBDBF505AEF3}.Release|Any CPU.Build.0 = Release|x86
		{773922CC-DCFB-48D6-8EC2-BBDBF505AEF3}.Release|Any CPU.Deploy.0 = Release|x86
		{773922CC-DCFB-48D6-8EC2-BBDBF505AEF3}.Release|ARM.ActiveCfg = Release|ARM
		{773922CC-DCFB-48D6-8EC2-BBDBF505AEF3}.Release|ARM.Build.0 = Release|ARM
		{773922CC-DCFB-48D6-8EC2-BBDBF505AEF3}.Release|ARM.Deploy.0 = Release|ARM
		{773922CC-DCFB-48D6-8EC2-BBDBF505AEF3}.Release|iPhone.ActiveCfg = Release|x86
		{773922CC-DCFB-48D6-8EC2-BBDBF505AEF3}.Release|iPhone.Build.0 = Release|x86
		{773922CC-DCFB-48D6-8EC2-BBDBF505AEF3}.Release|iPhone.Deploy.0 = Release|x86
		{773922CC-DCFB-48D6-8EC2-BBDBF505AEF3}.Release|iPhoneSimulator.ActiveCfg = Release|x86
		{773922CC-DCFB-48D6-8EC2-BBDBF505AEF3}.Release|iPhoneSimulator.Build.0 = Release|x86
		{773922CC-DCFB-48D6-8EC2-BBDBF505AEF3}.Release|iPhoneSimulator.Deploy.0 = Release|x86
		{773922CC-DCFB-48D6-8EC2-BBDBF505AEF3}.Release|x64.ActiveCfg = Release|x64
		{773922CC-DCFB-48D6-8EC2-BBDBF505AEF3}.Release|x64.Build.0 = Release|x64
		{773922CC-DCFB-48D6-8EC2-BBDBF505AEF3}.Release|x64.Deploy.0 = Release|x64
		{773922CC-DCFB-48D6-8EC2-BBDBF505AEF3}.Release|x86.ActiveCfg = Release|x86
		{773922CC-DCFB-48D6-8EC2-BBDBF505AEF3}.Release|x86.Build.0 = Release|x86
		{773922CC-DCFB-48D6-8EC2-BBDBF505AEF3}.Release|x86.Deploy.0 = Release|x86
		{38A049BA-D31B-431F-A527-D420F1A3F11D}.Ad-Hoc|Any CPU.ActiveCfg = Debug|Any CPU
		{38A049BA-D31B-431F-A527-D420F1A3F11D}.Ad-Hoc|Any CPU.Build.0 = Debug|Any CPU
		{38A049BA-D31B-431F-A527-D420F1A3F11D}.Ad-Hoc|Any CPU.Deploy.0 = Debug|Any CPU
		{38A049BA-D31B-431F-A527-D420F1A3F11D}.Ad-Hoc|ARM.ActiveCfg = Debug|Any CPU
		{38A049BA-D31B-431F-A527-D420F1A3F11D}.Ad-Hoc|ARM.Build.0 = Debug|Any CPU
		{38A049BA-D31B-431F-A527-D420F1A3F11D}.Ad-Hoc|ARM.Deploy.0 = Debug|Any CPU
		{38A049BA-D31B-431F-A527-D420F1A3F11D}.Ad-Hoc|iPhone.ActiveCfg = Debug|Any CPU
		{38A049BA-D31B-431F-A527-D420F1A3F11D}.Ad-Hoc|iPhone.Build.0 = Debug|Any CPU
		{38A049BA-D31B-431F-A527-D420F1A3F11D}.Ad-Hoc|iPhone.Deploy.0 = Debug|Any CPU
		{38A049BA-D31B-431F-A527-D420F1A3F11D}.Ad-Hoc|iPhoneSimulator.ActiveCfg = Debug|Any CPU
		{38A049BA-D31B-431F-A527-D420F1A3F11D}.Ad-Hoc|iPhoneSimulator.Build.0 = Debug|Any CPU
		{38A049BA-D31B-431F-A527-D420F1A3F11D}.Ad-Hoc|iPhoneSimulator.Deploy.0 = Debug|Any CPU
		{38A049BA-D31B-431F-A527-D420F1A3F11D}.Ad-Hoc|x64.ActiveCfg = Debug|Any CPU
		{38A049BA-D31B-431F-A527-D420F1A3F11D}.Ad-Hoc|x64.Build.0 = Debug|Any CPU
		{38A049BA-D31B-431F-A527-D420F1A3F11D}.Ad-Hoc|x64.Deploy.0 = Debug|Any CPU
		{38A049BA-D31B-431F-A527-D420F1A3F11D}.Ad-Hoc|x86.ActiveCfg = Debug|Any CPU
		{38A049BA-D31B-431F-A527-D420F1A3F11D}.Ad-Hoc|x86.Build.0 = Debug|Any CPU
		{38A049BA-D31B-431F-A527-D420F1A3F11D}.Ad-Hoc|x86.Deploy.0 = Debug|Any CPU
		{38A049BA-D31B-431F-A527-D420F1A3F11D}.AppStore|Any CPU.ActiveCfg = Debug|Any CPU
		{38A049BA-D31B-431F-A527-D420F1A3F11D}.AppStore|Any CPU.Build.0 = Debug|Any CPU
		{38A049BA-D31B-431F-A527-D420F1A3F11D}.AppStore|Any CPU.Deploy.0 = Debug|Any CPU
		{38A049BA-D31B-431F-A527-D420F1A3F11D}.AppStore|ARM.ActiveCfg = Debug|Any CPU
		{38A049BA-D31B-431F-A527-D420F1A3F11D}.AppStore|ARM.Build.0 = Debug|Any CPU
		{38A049BA-D31B-431F-A527-D420F1A3F11D}.AppStore|ARM.Deploy.0 = Debug|Any CPU
		{38A049BA-D31B-431F-A527-D420F1A3F11D}.AppStore|iPhone.ActiveCfg = Debug|Any CPU
		{38A049BA-D31B-431F-A527-D420F1A3F11D}.AppStore|iPhone.Build.0 = Debug|Any CPU
		{38A049BA-D31B-431F-A527-D420F1A3F11D}.AppStore|iPhone.Deploy.0 = Debug|Any CPU
		{38A049BA-D31B-431F-A527-D420F1A3F11D}.AppStore|iPhoneSimulator.ActiveCfg = Debug|Any CPU
		{38A049BA-D31B-431F-A527-D420F1A3F11D}.AppStore|iPhoneSimulator.Build.0 = Debug|Any CPU
		{38A049BA-D31B-431F-A527-D420F1A3F11D}.AppStore|iPhoneSimulator.Deploy.0 = Debug|Any CPU
		{38A049BA-D31B-431F-A527-D420F1A3F11D}.AppStore|x64.ActiveCfg = Debug|Any CPU
		{38A049BA-D31B-431F-A527-D420F1A3F11D}.AppStore|x64.Build.0 = Debug|Any CPU
		{38A049BA-D31B-431F-A527-D420F1A3F11D}.AppStore|x64.Deploy.0 = Debug|Any CPU
		{38A049BA-D31B-431F-A527-D420F1A3F11D}.AppStore|x86.ActiveCfg = Debug|Any CPU
		{38A049BA-D31B-431F-A527-D420F1A3F11D}.AppStore|x86.Build.0 = Debug|Any CPU
		{38A049BA-D31B-431F-A527-D420F1A3F11D}.AppStore|x86.Deploy.0 = Debug|Any CPU
		{38A049BA-D31B-431F-A527-D420F1A3F11D}.Debug|Any CPU.ActiveCfg = Debug|Any CPU
		{38A049BA-D31B-431F-A527-D420F1A3F11D}.Debug|Any CPU.Build.0 = Debug|Any CPU
		{38A049BA-D31B-431F-A527-D420F1A3F11D}.Debug|Any CPU.Deploy.0 = Debug|Any CPU
		{38A049BA-D31B-431F-A527-D420F1A3F11D}.Debug|ARM.ActiveCfg = Debug|Any CPU
		{38A049BA-D31B-431F-A527-D420F1A3F11D}.Debug|ARM.Build.0 = Debug|Any CPU
		{38A049BA-D31B-431F-A527-D420F1A3F11D}.Debug|ARM.Deploy.0 = Debug|Any CPU
		{38A049BA-D31B-431F-A527-D420F1A3F11D}.Debug|iPhone.ActiveCfg = Debug|Any CPU
		{38A049BA-D31B-431F-A527-D420F1A3F11D}.Debug|iPhone.Build.0 = Debug|Any CPU
		{38A049BA-D31B-431F-A527-D420F1A3F11D}.Debug|iPhone.Deploy.0 = Debug|Any CPU
		{38A049BA-D31B-431F-A527-D420F1A3F11D}.Debug|iPhoneSimulator.ActiveCfg = Debug|Any CPU
		{38A049BA-D31B-431F-A527-D420F1A3F11D}.Debug|iPhoneSimulator.Build.0 = Debug|Any CPU
		{38A049BA-D31B-431F-A527-D420F1A3F11D}.Debug|iPhoneSimulator.Deploy.0 = Debug|Any CPU
		{38A049BA-D31B-431F-A527-D420F1A3F11D}.Debug|x64.ActiveCfg = Debug|Any CPU
		{38A049BA-D31B-431F-A527-D420F1A3F11D}.Debug|x64.Build.0 = Debug|Any CPU
		{38A049BA-D31B-431F-A527-D420F1A3F11D}.Debug|x64.Deploy.0 = Debug|Any CPU
		{38A049BA-D31B-431F-A527-D420F1A3F11D}.Debug|x86.ActiveCfg = Debug|Any CPU
		{38A049BA-D31B-431F-A527-D420F1A3F11D}.Debug|x86.Build.0 = Debug|Any CPU
		{38A049BA-D31B-431F-A527-D420F1A3F11D}.Debug|x86.Deploy.0 = Debug|Any CPU
		{38A049BA-D31B-431F-A527-D420F1A3F11D}.Release|Any CPU.ActiveCfg = Release|Any CPU
		{38A049BA-D31B-431F-A527-D420F1A3F11D}.Release|Any CPU.Build.0 = Release|Any CPU
		{38A049BA-D31B-431F-A527-D420F1A3F11D}.Release|Any CPU.Deploy.0 = Release|Any CPU
		{38A049BA-D31B-431F-A527-D420F1A3F11D}.Release|ARM.ActiveCfg = Release|Any CPU
		{38A049BA-D31B-431F-A527-D420F1A3F11D}.Release|ARM.Build.0 = Release|Any CPU
		{38A049BA-D31B-431F-A527-D420F1A3F11D}.Release|ARM.Deploy.0 = Release|Any CPU
		{38A049BA-D31B-431F-A527-D420F1A3F11D}.Release|iPhone.ActiveCfg = Release|Any CPU
		{38A049BA-D31B-431F-A527-D420F1A3F11D}.Release|iPhone.Build.0 = Release|Any CPU
		{38A049BA-D31B-431F-A527-D420F1A3F11D}.Release|iPhone.Deploy.0 = Release|Any CPU
		{38A049BA-D31B-431F-A527-D420F1A3F11D}.Release|iPhoneSimulator.ActiveCfg = Release|Any CPU
		{38A049BA-D31B-431F-A527-D420F1A3F11D}.Release|iPhoneSimulator.Build.0 = Release|Any CPU
		{38A049BA-D31B-431F-A527-D420F1A3F11D}.Release|iPhoneSimulator.Deploy.0 = Release|Any CPU
		{38A049BA-D31B-431F-A527-D420F1A3F11D}.Release|x64.ActiveCfg = Release|Any CPU
		{38A049BA-D31B-431F-A527-D420F1A3F11D}.Release|x64.Build.0 = Release|Any CPU
		{38A049BA-D31B-431F-A527-D420F1A3F11D}.Release|x64.Deploy.0 = Release|Any CPU
		{38A049BA-D31B-431F-A527-D420F1A3F11D}.Release|x86.ActiveCfg = Release|Any CPU
		{38A049BA-D31B-431F-A527-D420F1A3F11D}.Release|x86.Build.0 = Release|Any CPU
		{38A049BA-D31B-431F-A527-D420F1A3F11D}.Release|x86.Deploy.0 = Release|Any CPU
	EndGlobalSection
	GlobalSection(SolutionProperties) = preSolution
		HideSolutionNode = FALSE
	EndGlobalSection
	GlobalSection(ExtensibilityGlobals) = postSolution
		SolutionGuid = {4D3F8860-DD85-4AF6-9C42-A4273DF337B6}
	EndGlobalSection
EndGlobal
